
Microsoft Visual Studio Solution File, Format Version 12.00
# Visual Studio Version 16
VisualStudioVersion = 16.0.31702.278
MinimumVisualStudioVersion = 10.0.40219.1
Project("{FAE04EC0-301F-11D3-BF4B-00C04F79EFBC}") = "Test_2021_10_01", "Test_2021_10_01\Test_2021_10_01.csproj", "{92468BF0-D9EF-4253-88FA-C205BD4DB1D3}"
EndProject
Global
	GlobalSection(SolutionConfigurationPlatforms) = preSolution
		Debug|Any CPU = Debug|Any CPU
		Release|Any CPU = Release|Any CPU
	EndGlobalSection
	GlobalSection(ProjectConfigurationPlatforms) = postSolution
		{92468BF0-D9EF-4253-88FA-C205BD4DB1D3}.Debug|Any CPU.ActiveCfg = Debug|Any CPU
		{92468BF0-D9EF-4253-88FA-C205BD4DB1D3}.Debug|Any CPU.Build.0 = Debug|Any CPU
		{92468BF0-D9EF-4253-88FA-C205BD4DB1D3}.Release|Any CPU.ActiveCfg = Release|Any CPU
		{92468BF0-D9EF-4253-88FA-C205BD4DB1D3}.Release|Any CPU.Build.0 = Release|Any CPU
	EndGlobalSection
	GlobalSection(SolutionProperties) = preSolution
		HideSolutionNode = FALSE
	EndGlobalSection
	GlobalSection(ExtensibilityGlobals) = postSolution
		SolutionGuid = {FAEAD16C-6EBF-4881-9084-A07773F018BB}
	EndGlobalSection
EndGlobal
